
Microsoft Visual Studio Solution File, Format Version 12.00
# Visual Studio Version 17
VisualStudioVersion = 17.0.31903.59
MinimumVisualStudioVersion = 10.0.40219.1
Project("{2150E333-8FDC-42A3-9474-1A3956D46DE8}") = "src", "src", "{B25AA382-EFD5-424F-9ACC-142D546868F7}"
EndProject
Project("{FAE04EC0-301F-11D3-BF4B-00C04F79EFBC}") = "InspectionClient", "src\InspectionClient\InspectionClient.csproj", "{08F13331-3B83-4E07-96DE-0B52DFE0B468}"
EndProject
Project("{FAE04EC0-301F-11D3-BF4B-00C04F79EFBC}") = "FileFrameGrabberService", "src\FileFrameGrabberService\FileFrameGrabberService.csproj", "{4BCF2591-0BE3-4C72-9E6F-79571377C12F}"
EndProject
Project("{FAE04EC0-301F-11D3-BF4B-00C04F79EFBC}") = "InspectionService", "src\InspectionService\InspectionService.csproj", "{1E0ABA65-5C04-45F0-8B63-9DCBB21F0FC6}"
EndProject
Project("{FAE04EC0-301F-11D3-BF4B-00C04F79EFBC}") = "Core", "src\Core\Core.csproj", "{DECD3522-D422-4566-B45A-89DAE9E0A6D9}"
EndProject
Project("{FAE04EC0-301F-11D3-BF4B-00C04F79EFBC}") = "Core.SharedMemory", "src\Core.SharedMemory\Core.SharedMemory.csproj", "{347A2124-206F-44D8-8EEF-A96DF69D6BE4}"
EndProject
Project("{FAE04EC0-301F-11D3-BF4B-00C04F79EFBC}") = "Core.Logging", "src\Core.Logging\Core.Logging.csproj", "{FC733F91-4F8B-44CE-AB82-AFEA339B3C05}"
EndProject
Project("{2150E333-8FDC-42A3-9474-1A3956D46DE8}") = "tests", "tests", "{0AB3BF05-4346-4AA6-1389-037BE0695223}"
EndProject
Project("{FAE04EC0-301F-11D3-BF4B-00C04F79EFBC}") = "Core.SharedMemory.Tests", "tests\Core.SharedMemory.Tests\Core.SharedMemory.Tests.csproj", "{A0D75215-A5E3-467F-9A38-CD363E183D63}"
EndProject
Project("{FAE04EC0-301F-11D3-BF4B-00C04F79EFBC}") = "Core.FrameGrabber", "src\Core.FrameGrabber\Core.FrameGrabber.csproj", "{CFCB817E-CE39-4D55-87D3-6F10B0EE4667}"
EndProject
Project("{FAE04EC0-301F-11D3-BF4B-00C04F79EFBC}") = "Core.Grpc", "src\Core.Grpc\Core.Grpc.csproj", "{E71928F7-5352-43AE-9323-20CB89F3B388}"
EndProject
Project("{FAE04EC0-301F-11D3-BF4B-00C04F79EFBC}") = "InspectionRecipe", "src\InspectionRecipe\InspectionRecipe.csproj", "{C3A7F2B1-D894-4E56-A012-F345678901BC}"
EndProject
Global
	GlobalSection(SolutionConfigurationPlatforms) = preSolution
		Debug|Any CPU = Debug|Any CPU
		Debug|x64 = Debug|x64
		Debug|x86 = Debug|x86
		Release|Any CPU = Release|Any CPU
		Release|x64 = Release|x64
		Release|x86 = Release|x86
	EndGlobalSection
	GlobalSection(ProjectConfigurationPlatforms) = postSolution
		{08F13331-3B83-4E07-96DE-0B52DFE0B468}.Debug|Any CPU.ActiveCfg = Debug|Any CPU
		{08F13331-3B83-4E07-96DE-0B52DFE0B468}.Debug|Any CPU.Build.0 = Debug|Any CPU
		{08F13331-3B83-4E07-96DE-0B52DFE0B468}.Debug|x64.ActiveCfg = Debug|Any CPU
		{08F13331-3B83-4E07-96DE-0B52DFE0B468}.Debug|x64.Build.0 = Debug|Any CPU
		{08F13331-3B83-4E07-96DE-0B52DFE0B468}.Debug|x86.ActiveCfg = Debug|Any CPU
		{08F13331-3B83-4E07-96DE-0B52DFE0B468}.Debug|x86.Build.0 = Debug|Any CPU
		{08F13331-3B83-4E07-96DE-0B52DFE0B468}.Release|Any CPU.ActiveCfg = Release|Any CPU
		{08F13331-3B83-4E07-96DE-0B52DFE0B468}.Release|Any CPU.Build.0 = Release|Any CPU
		{08F13331-3B83-4E07-96DE-0B52DFE0B468}.Release|x64.ActiveCfg = Release|Any CPU
		{08F13331-3B83-4E07-96DE-0B52DFE0B468}.Release|x64.Build.0 = Release|Any CPU
		{08F13331-3B83-4E07-96DE-0B52DFE0B468}.Release|x86.ActiveCfg = Release|Any CPU
		{08F13331-3B83-4E07-96DE-0B52DFE0B468}.Release|x86.Build.0 = Release|Any CPU
		{4BCF2591-0BE3-4C72-9E6F-79571377C12F}.Debug|Any CPU.ActiveCfg = Debug|Any CPU
		{4BCF2591-0BE3-4C72-9E6F-79571377C12F}.Debug|Any CPU.Build.0 = Debug|Any CPU
		{4BCF2591-0BE3-4C72-9E6F-79571377C12F}.Debug|x64.ActiveCfg = Debug|Any CPU
		{4BCF2591-0BE3-4C72-9E6F-79571377C12F}.Debug|x64.Build.0 = Debug|Any CPU
		{4BCF2591-0BE3-4C72-9E6F-79571377C12F}.Debug|x86.ActiveCfg = Debug|Any CPU
		{4BCF2591-0BE3-4C72-9E6F-79571377C12F}.Debug|x86.Build.0 = Debug|Any CPU
		{4BCF2591-0BE3-4C72-9E6F-79571377C12F}.Release|Any CPU.ActiveCfg = Release|Any CPU
		{4BCF2591-0BE3-4C72-9E6F-79571377C12F}.Release|Any CPU.Build.0 = Release|Any CPU
		{4BCF2591-0BE3-4C72-9E6F-79571377C12F}.Release|x64.ActiveCfg = Release|Any CPU
		{4BCF2591-0BE3-4C72-9E6F-79571377C12F}.Release|x64.Build.0 = Release|Any CPU
		{4BCF2591-0BE3-4C72-9E6F-79571377C12F}.Release|x86.ActiveCfg = Release|Any CPU
		{4BCF2591-0BE3-4C72-9E6F-79571377C12F}.Release|x86.Build.0 = Release|Any CPU
		{1E0ABA65-5C04-45F0-8B63-9DCBB21F0FC6}.Debug|Any CPU.ActiveCfg = Debug|Any CPU
		{1E0ABA65-5C04-45F0-8B63-9DCBB21F0FC6}.Debug|Any CPU.Build.0 = Debug|Any CPU
		{1E0ABA65-5C04-45F0-8B63-9DCBB21F0FC6}.Debug|x64.ActiveCfg = Debug|Any CPU
		{1E0ABA65-5C04-45F0-8B63-9DCBB21F0FC6}.Debug|x64.Build.0 = Debug|Any CPU
		{1E0ABA65-5C04-45F0-8B63-9DCBB21F0FC6}.Debug|x86.ActiveCfg = Debug|Any CPU
		{1E0ABA65-5C04-45F0-8B63-9DCBB21F0FC6}.Debug|x86.Build.0 = Debug|Any CPU
		{1E0ABA65-5C04-45F0-8B63-9DCBB21F0FC6}.Release|Any CPU.ActiveCfg = Release|Any CPU
		{1E0ABA65-5C04-45F0-8B63-9DCBB21F0FC6}.Release|Any CPU.Build.0 = Release|Any CPU
		{1E0ABA65-5C04-45F0-8B63-9DCBB21F0FC6}.Release|x64.ActiveCfg = Release|Any CPU
		{1E0ABA65-5C04-45F0-8B63-9DCBB21F0FC6}.Release|x64.Build.0 = Release|Any CPU
		{1E0ABA65-5C04-45F0-8B63-9DCBB21F0FC6}.Release|x86.ActiveCfg = Release|Any CPU
		{1E0ABA65-5C04-45F0-8B63-9DCBB21F0FC6}.Release|x86.Build.0 = Release|Any CPU
		{DECD3522-D422-4566-B45A-89DAE9E0A6D9}.Debug|Any CPU.ActiveCfg = Debug|Any CPU
		{DECD3522-D422-4566-B45A-89DAE9E0A6D9}.Debug|Any CPU.Build.0 = Debug|Any CPU
		{DECD3522-D422-4566-B45A-89DAE9E0A6D9}.Debug|x64.ActiveCfg = Debug|Any CPU
		{DECD3522-D422-4566-B45A-89DAE9E0A6D9}.Debug|x64.Build.0 = Debug|Any CPU
		{DECD3522-D422-4566-B45A-89DAE9E0A6D9}.Debug|x86.ActiveCfg = Debug|Any CPU
		{DECD3522-D422-4566-B45A-89DAE9E0A6D9}.Debug|x86.Build.0 = Debug|Any CPU
		{DECD3522-D422-4566-B45A-89DAE9E0A6D9}.Release|Any CPU.ActiveCfg = Release|Any CPU
		{DECD3522-D422-4566-B45A-89DAE9E0A6D9}.Release|Any CPU.Build.0 = Release|Any CPU
		{DECD3522-D422-4566-B45A-89DAE9E0A6D9}.Release|x64.ActiveCfg = Release|Any CPU
		{DECD3522-D422-4566-B45A-89DAE9E0A6D9}.Release|x64.Build.0 = Release|Any CPU
		{DECD3522-D422-4566-B45A-89DAE9E0A6D9}.Release|x86.ActiveCfg = Release|Any CPU
		{DECD3522-D422-4566-B45A-89DAE9E0A6D9}.Release|x86.Build.0 = Release|Any CPU
		{347A2124-206F-44D8-8EEF-A96DF69D6BE4}.Debug|Any CPU.ActiveCfg = Debug|Any CPU
		{347A2124-206F-44D8-8EEF-A96DF69D6BE4}.Debug|Any CPU.Build.0 = Debug|Any CPU
		{347A2124-206F-44D8-8EEF-A96DF69D6BE4}.Debug|x64.ActiveCfg = Debug|Any CPU
		{347A2124-206F-44D8-8EEF-A96DF69D6BE4}.Debug|x64.Build.0 = Debug|Any CPU
		{347A2124-206F-44D8-8EEF-A96DF69D6BE4}.Debug|x86.ActiveCfg = Debug|Any CPU
		{347A2124-206F-44D8-8EEF-A96DF69D6BE4}.Debug|x86.Build.0 = Debug|Any CPU
		{347A2124-206F-44D8-8EEF-A96DF69D6BE4}.Release|Any CPU.ActiveCfg = Release|Any CPU
		{347A2124-206F-44D8-8EEF-A96DF69D6BE4}.Release|Any CPU.Build.0 = Release|Any CPU
		{347A2124-206F-44D8-8EEF-A96DF69D6BE4}.Release|x64.ActiveCfg = Release|Any CPU
		{347A2124-206F-44D8-8EEF-A96DF69D6BE4}.Release|x64.Build.0 = Release|Any CPU
		{347A2124-206F-44D8-8EEF-A96DF69D6BE4}.Release|x86.ActiveCfg = Release|Any CPU
		{347A2124-206F-44D8-8EEF-A96DF69D6BE4}.Release|x86.Build.0 = Release|Any CPU
		{FC733F91-4F8B-44CE-AB82-AFEA339B3C05}.Debug|Any CPU.ActiveCfg = Debug|Any CPU
		{FC733F91-4F8B-44CE-AB82-AFEA339B3C05}.Debug|Any CPU.Build.0 = Debug|Any CPU
		{FC733F91-4F8B-44CE-AB82-AFEA339B3C05}.Debug|x64.ActiveCfg = Debug|Any CPU
		{FC733F91-4F8B-44CE-AB82-AFEA339B3C05}.Debug|x64.Build.0 = Debug|Any CPU
		{FC733F91-4F8B-44CE-AB82-AFEA339B3C05}.Debug|x86.ActiveCfg = Debug|Any CPU
		{FC733F91-4F8B-44CE-AB82-AFEA339B3C05}.Debug|x86.Build.0 = Debug|Any CPU
		{FC733F91-4F8B-44CE-AB82-AFEA339B3C05}.Release|Any CPU.ActiveCfg = Release|Any CPU
		{FC733F91-4F8B-44CE-AB82-AFEA339B3C05}.Release|Any CPU.Build.0 = Release|Any CPU
		{FC733F91-4F8B-44CE-AB82-AFEA339B3C05}.Release|x64.ActiveCfg = Release|Any CPU
		{FC733F91-4F8B-44CE-AB82-AFEA339B3C05}.Release|x64.Build.0 = Release|Any CPU
		{FC733F91-4F8B-44CE-AB82-AFEA339B3C05}.Release|x86.ActiveCfg = Release|Any CPU
		{FC733F91-4F8B-44CE-AB82-AFEA339B3C05}.Release|x86.Build.0 = Release|Any CPU
		{A0D75215-A5E3-467F-9A38-CD363E183D63}.Debug|Any CPU.ActiveCfg = Debug|Any CPU
		{A0D75215-A5E3-467F-9A38-CD363E183D63}.Debug|Any CPU.Build.0 = Debug|Any CPU
		{A0D75215-A5E3-467F-9A38-CD363E183D63}.Debug|x64.ActiveCfg = Debug|Any CPU
		{A0D75215-A5E3-467F-9A38-CD363E183D63}.Debug|x64.Build.0 = Debug|Any CPU
		{A0D75215-A5E3-467F-9A38-CD363E183D63}.Debug|x86.ActiveCfg = Debug|Any CPU
		{A0D75215-A5E3-467F-9A38-CD363E183D63}.Debug|x86.Build.0 = Debug|Any CPU
		{A0D75215-A5E3-467F-9A38-CD363E183D63}.Release|Any CPU.ActiveCfg = Release|Any CPU
		{A0D75215-A5E3-467F-9A38-CD363E183D63}.Release|Any CPU.Build.0 = Release|Any CPU
		{A0D75215-A5E3-467F-9A38-CD363E183D63}.Release|x64.ActiveCfg = Release|Any CPU
		{A0D75215-A5E3-467F-9A38-CD363E183D63}.Release|x64.Build.0 = Release|Any CPU
		{A0D75215-A5E3-467F-9A38-CD363E183D63}.Release|x86.ActiveCfg = Release|Any CPU
		{A0D75215-A5E3-467F-9A38-CD363E183D63}.Release|x86.Build.0 = Release|Any CPU
		{CFCB817E-CE39-4D55-87D3-6F10B0EE4667}.Debug|Any CPU.ActiveCfg = Debug|Any CPU
		{CFCB817E-CE39-4D55-87D3-6F10B0EE4667}.Debug|Any CPU.Build.0 = Debug|Any CPU
		{CFCB817E-CE39-4D55-87D3-6F10B0EE4667}.Debug|x64.ActiveCfg = Debug|Any CPU
		{CFCB817E-CE39-4D55-87D3-6F10B0EE4667}.Debug|x64.Build.0 = Debug|Any CPU
		{CFCB817E-CE39-4D55-87D3-6F10B0EE4667}.Debug|x86.ActiveCfg = Debug|Any CPU
		{CFCB817E-CE39-4D55-87D3-6F10B0EE4667}.Debug|x86.Build.0 = Debug|Any CPU
		{CFCB817E-CE39-4D55-87D3-6F10B0EE4667}.Release|Any CPU.ActiveCfg = Release|Any CPU
		{CFCB817E-CE39-4D55-87D3-6F10B0EE4667}.Release|Any CPU.Build.0 = Release|Any CPU
		{CFCB817E-CE39-4D55-87D3-6F10B0EE4667}.Release|x64.ActiveCfg = Release|Any CPU
		{CFCB817E-CE39-4D55-87D3-6F10B0EE4667}.Release|x64.Build.0 = Release|Any CPU
		{CFCB817E-CE39-4D55-87D3-6F10B0EE4667}.Release|x86.ActiveCfg = Release|Any CPU
		{CFCB817E-CE39-4D55-87D3-6F10B0EE4667}.Release|x86.Build.0 = Release|Any CPU
		{E71928F7-5352-43AE-9323-20CB89F3B388}.Debug|Any CPU.ActiveCfg = Debug|Any CPU
		{E71928F7-5352-43AE-9323-20CB89F3B388}.Debug|Any CPU.Build.0 = Debug|Any CPU
		{E71928F7-5352-43AE-9323-20CB89F3B388}.Debug|x64.ActiveCfg = Debug|Any CPU
		{E71928F7-5352-43AE-9323-20CB89F3B388}.Debug|x64.Build.0 = Debug|Any CPU
		{E71928F7-5352-43AE-9323-20CB89F3B388}.Debug|x86.ActiveCfg = Debug|Any CPU
		{E71928F7-5352-43AE-9323-20CB89F3B388}.Debug|x86.Build.0 = Debug|Any CPU
		{E71928F7-5352-43AE-9323-20CB89F3B388}.Release|Any CPU.ActiveCfg = Release|Any CPU
		{E71928F7-5352-43AE-9323-20CB89F3B388}.Release|Any CPU.Build.0 = Release|Any CPU
		{E71928F7-5352-43AE-9323-20CB89F3B388}.Release|x64.ActiveCfg = Release|Any CPU
		{E71928F7-5352-43AE-9323-20CB89F3B388}.Release|x64.Build.0 = Release|Any CPU
		{E71928F7-5352-43AE-9323-20CB89F3B388}.Release|x86.ActiveCfg = Release|Any CPU
		{E71928F7-5352-43AE-9323-20CB89F3B388}.Release|x86.Build.0 = Release|Any CPU
		{C3A7F2B1-D894-4E56-A012-F345678901BC}.Debug|Any CPU.ActiveCfg = Debug|Any CPU
		{C3A7F2B1-D894-4E56-A012-F345678901BC}.Debug|Any CPU.Build.0 = Debug|Any CPU
		{C3A7F2B1-D894-4E56-A012-F345678901BC}.Debug|x64.ActiveCfg = Debug|Any CPU
		{C3A7F2B1-D894-4E56-A012-F345678901BC}.Debug|x64.Build.0 = Debug|Any CPU
		{C3A7F2B1-D894-4E56-A012-F345678901BC}.Debug|x86.ActiveCfg = Debug|Any CPU
		{C3A7F2B1-D894-4E56-A012-F345678901BC}.Debug|x86.Build.0 = Debug|Any CPU
		{C3A7F2B1-D894-4E56-A012-F345678901BC}.Release|Any CPU.ActiveCfg = Release|Any CPU
		{C3A7F2B1-D894-4E56-A012-F345678901BC}.Release|Any CPU.Build.0 = Release|Any CPU
		{C3A7F2B1-D894-4E56-A012-F345678901BC}.Release|x64.ActiveCfg = Release|Any CPU
		{C3A7F2B1-D894-4E56-A012-F345678901BC}.Release|x64.Build.0 = Release|Any CPU
		{C3A7F2B1-D894-4E56-A012-F345678901BC}.Release|x86.ActiveCfg = Release|Any CPU
		{C3A7F2B1-D894-4E56-A012-F345678901BC}.Release|x86.Build.0 = Release|Any CPU
	EndGlobalSection
	GlobalSection(SolutionProperties) = preSolution
		HideSolutionNode = FALSE
	EndGlobalSection
	GlobalSection(NestedProjects) = preSolution
		{08F13331-3B83-4E07-96DE-0B52DFE0B468} = {B25AA382-EFD5-424F-9ACC-142D546868F7}
		{4BCF2591-0BE3-4C72-9E6F-79571377C12F} = {B25AA382-EFD5-424F-9ACC-142D546868F7}
		{1E0ABA65-5C04-45F0-8B63-9DCBB21F0FC6} = {B25AA382-EFD5-424F-9ACC-142D546868F7}
		{DECD3522-D422-4566-B45A-89DAE9E0A6D9} = {B25AA382-EFD5-424F-9ACC-142D546868F7}
		{347A2124-206F-44D8-8EEF-A96DF69D6BE4} = {B25AA382-EFD5-424F-9ACC-142D546868F7}
		{FC733F91-4F8B-44CE-AB82-AFEA339B3C05} = {B25AA382-EFD5-424F-9ACC-142D546868F7}
		{A0D75215-A5E3-467F-9A38-CD363E183D63} = {0AB3BF05-4346-4AA6-1389-037BE0695223}
		{CFCB817E-CE39-4D55-87D3-6F10B0EE4667} = {B25AA382-EFD5-424F-9ACC-142D546868F7}
		{E71928F7-5352-43AE-9323-20CB89F3B388} = {B25AA382-EFD5-424F-9ACC-142D546868F7}
		{C3A7F2B1-D894-4E56-A012-F345678901BC} = {B25AA382-EFD5-424F-9ACC-142D546868F7}
	EndGlobalSection
EndGlobal
